// !$*UTF8*$!
{
	archiveVersion = 1;
	classes = {
	};
	objectVersion = 48;
	objects = {

/* Begin PBXBuildFile section */
		4F9B2D411FB1C1060050FBD2 /* AppDelegate.m in Sources */ = {isa = PBXBuildFile; fileRef = 4F9B2D401FB1C1060050FBD2 /* AppDelegate.m */; };
		4F9B2D441FB1C1060050FBD2 /* ViewController.m in Sources */ = {isa = PBXBuildFile; fileRef = 4F9B2D431FB1C1060050FBD2 /* ViewController.m */; };
		4F9B2D471FB1C1060050FBD2 /* Main.storyboard in Resources */ = {isa = PBXBuildFile; fileRef = 4F9B2D451FB1C1060050FBD2 /* Main.storyboard */; };
		4F9B2D491FB1C1060050FBD2 /* Assets.xcassets in Resources */ = {isa = PBXBuildFile; fileRef = 4F9B2D481FB1C1060050FBD2 /* Assets.xcassets */; };
		4F9B2D4C1FB1C1060050FBD2 /* LaunchScreen.storyboard in Resources */ = {isa = PBXBuildFile; fileRef = 4F9B2D4A1FB1C1060050FBD2 /* LaunchScreen.storyboard */; };
		4F9B2D4F1FB1C1060050FBD2 /* main.m in Sources */ = {isa = PBXBuildFile; fileRef = 4F9B2D4E1FB1C1060050FBD2 /* main.m */; };
		4F9B2D7C1FB2E1E60050FBD2 /* loan@2x.png in Resources */ = {isa = PBXBuildFile; fileRef = 4F9B2D7B1FB2E1E60050FBD2 /* loan@2x.png */; };
		4F9B2D891FB430EA0050FBD2 /* FloatWindow.m in Sources */ = {isa = PBXBuildFile; fileRef = 4F9B2D861FB430EA0050FBD2 /* FloatWindow.m */; };
		4F9B2D8A1FB430EA0050FBD2 /* UIDragButton.m in Sources */ = {isa = PBXBuildFile; fileRef = 4F9B2D881FB430EA0050FBD2 /* UIDragButton.m */; };
/* End PBXBuildFile section */

/* Begin PBXFileReference section */
		4F9B2D3C1FB1C1060050FBD2 /* Bubble.app */ = {isa = PBXFileReference; explicitFileType = wrapper.application; includeInIndex = 0; path = Bubble.app; sourceTree = BUILT_PRODUCTS_DIR; };
		4F9B2D3F1FB1C1060050FBD2 /* AppDelegate.h */ = {isa = PBXFileReference; lastKnownFileType = sourcecode.c.h; path = AppDelegate.h; sourceTree = "<group>"; };
		4F9B2D401FB1C1060050FBD2 /* AppDelegate.m */ = {isa = PBXFileReference; lastKnownFileType = sourcecode.c.objc; path = AppDelegate.m; sourceTree = "<group>"; };
		4F9B2D421FB1C1060050FBD2 /* ViewController.h */ = {isa = PBXFileReference; lastKnownFileType = sourcecode.c.h; path = ViewController.h; sourceTree = "<group>"; };
		4F9B2D431FB1C1060050FBD2 /* ViewController.m */ = {isa = PBXFileReference; lastKnownFileType = sourcecode.c.objc; path = ViewController.m; sourceTree = "<group>"; };
		4F9B2D461FB1C1060050FBD2 /* Base */ = {isa = PBXFileReference; lastKnownFileType = file.storyboard; name = Base; path = Base.lproj/Main.storyboard; sourceTree = "<group>"; };
		4F9B2D481FB1C1060050FBD2 /* Assets.xcassets */ = {isa = PBXFileReference; lastKnownFileType = folder.assetcatalog; path = Assets.xcassets; sourceTree = "<group>"; };
		4F9B2D4B1FB1C1060050FBD2 /* Base */ = {isa = PBXFileReference; lastKnownFileType = file.storyboard; name = Base; path = Base.lproj/LaunchScreen.storyboard; sourceTree = "<group>"; };
		4F9B2D4D1FB1C1060050FBD2 /* Info.plist */ = {isa = PBXFileReference; lastKnownFileType = text.plist.xml; path = Info.plist; sourceTree = "<group>"; };
		4F9B2D4E1FB1C1060050FBD2 /* main.m */ = {isa = PBXFileReference; lastKnownFileType = sourcecode.c.objc; path = main.m; sourceTree = "<group>"; };
		4F9B2D7B1FB2E1E60050FBD2 /* loan@2x.png */ = {isa = PBXFileReference; lastKnownFileType = image.png; name = "loan@2x.png"; path = "../../../.Trash/loan@2x.png"; sourceTree = "<group>"; };
		4F9B2D851FB430EA0050FBD2 /* FloatWindow.h */ = {isa = PBXFileReference; fileEncoding = 4; lastKnownFileType = sourcecode.c.h; path = FloatWindow.h; sourceTree = "<group>"; };
		4F9B2D861FB430EA0050FBD2 /* FloatWindow.m */ = {isa = PBXFileReference; fileEncoding = 4; lastKnownFileType = sourcecode.c.objc; path = FloatWindow.m; sourceTree = "<group>"; };
		4F9B2D871FB430EA0050FBD2 /* UIDragButton.h */ = {isa = PBXFileReference; fileEncoding = 4; lastKnownFileType = sourcecode.c.h; path = UIDragButton.h; sourceTree = "<group>"; };
		4F9B2D881FB430EA0050FBD2 /* UIDragButton.m */ = {isa = PBXFileReference; fileEncoding = 4; lastKnownFileType = sourcecode.c.objc; path = UIDragButton.m; sourceTree = "<group>"; };
/* End PBXFileReference section */

/* Begin PBXFrameworksBuildPhase section */
		4F9B2D391FB1C1060050FBD2 /* Frameworks */ = {
			isa = PBXFrameworksBuildPhase;
			buildActionMask = 2147483647;
			files = (
			);
			runOnlyForDeploymentPostprocessing = 0;
		};
/* End PBXFrameworksBuildPhase section */

/* Begin PBXGroup section */
		4F9B2D331FB1C1060050FBD2 = {
			isa = PBXGroup;
			children = (
				4F9B2D3E1FB1C1060050FBD2 /* Bubble */,
				4F9B2D3D1FB1C1060050FBD2 /* Products */,
			);
			sourceTree = "<group>";
		};
		4F9B2D3D1FB1C1060050FBD2 /* Products */ = {
			isa = PBXGroup;
			children = (
				4F9B2D3C1FB1C1060050FBD2 /* Bubble.app */,
			);
			name = Products;
			sourceTree = "<group>";
		};
		4F9B2D3E1FB1C1060050FBD2 /* Bubble */ = {
			isa = PBXGroup;
			children = (
				4F9B2D841FB430EA0050FBD2 /* AirBubble */,
				4F9B2D3F1FB1C1060050FBD2 /* AppDelegate.h */,
				4F9B2D401FB1C1060050FBD2 /* AppDelegate.m */,
				4F9B2D7B1FB2E1E60050FBD2 /* loan@2x.png */,
				4F9B2D421FB1C1060050FBD2 /* ViewController.h */,
				4F9B2D431FB1C1060050FBD2 /* ViewController.m */,
				4F9B2D451FB1C1060050FBD2 /* Main.storyboard */,
				4F9B2D481FB1C1060050FBD2 /* Assets.xcassets */,
				4F9B2D4A1FB1C1060050FBD2 /* LaunchScreen.storyboard */,
				4F9B2D4D1FB1C1060050FBD2 /* Info.plist */,
				4F9B2D4E1FB1C1060050FBD2 /* main.m */,
			);
			path = Bubble;
			sourceTree = "<group>";
		};
		4F9B2D841FB430EA0050FBD2 /* AirBubble */ = {
			isa = PBXGroup;
			children = (
				4F9B2D851FB430EA0050FBD2 /* FloatWindow.h */,
				4F9B2D861FB430EA0050FBD2 /* FloatWindow.m */,
				4F9B2D871FB430EA0050FBD2 /* UIDragButton.h */,
				4F9B2D881FB430EA0050FBD2 /* UIDragButton.m */,
			);
			path = AirBubble;
			sourceTree = "<group>";
		};
/* End PBXGroup section */

/* Begin PBXNativeTarget section */
		4F9B2D3B1FB1C1060050FBD2 /* Bubble */ = {
			isa = PBXNativeTarget;
			buildConfigurationList = 4F9B2D521FB1C1060050FBD2 /* Build configuration list for PBXNativeTarget "Bubble" */;
			buildPhases = (
				4F9B2D381FB1C1060050FBD2 /* Sources */,
				4F9B2D391FB1C1060050FBD2 /* Frameworks */,
				4F9B2D3A1FB1C1060050FBD2 /* Resources */,
			);
			buildRules = (
			);
			dependencies = (
			);
			name = Bubble;
			productName = Bubble;
			productReference = 4F9B2D3C1FB1C1060050FBD2 /* Bubble.app */;
			productType = "com.apple.product-type.application";
		};
/* End PBXNativeTarget section */

/* Begin PBXProject section */
		4F9B2D341FB1C1060050FBD2 /* Project object */ = {
			isa = PBXProject;
			attributes = {
				LastUpgradeCheck = 0910;
				ORGANIZATIONNAME = Jasion;
				TargetAttributes = {
					4F9B2D3B1FB1C1060050FBD2 = {
						CreatedOnToolsVersion = 9.1;
						ProvisioningStyle = Automatic;
					};
				};
			};
			buildConfigurationList = 4F9B2D371FB1C1060050FBD2 /* Build configuration list for PBXProject "Bubble" */;
			compatibilityVersion = "Xcode 8.0";
			developmentRegion = en;
			hasScannedForEncodings = 0;
			knownRegions = (
				en,
				Base,
			);
			mainGroup = 4F9B2D331FB1C1060050FBD2;
			productRefGroup = 4F9B2D3D1FB1C1060050FBD2 /* Products */;
			projectDirPath = "";
			projectRoot = "";
			targets = (
				4F9B2D3B1FB1C1060050FBD2 /* Bubble */,
			);
		};
/* End PBXProject section */

/* Begin PBXResourcesBuildPhase section */
		4F9B2D3A1FB1C1060050FBD2 /* Resources */ = {
			isa = PBXResourcesBuildPhase;
			buildActionMask = 2147483647;
			files = (
				4F9B2D4C1FB1C1060050FBD2 /* LaunchScreen.storyboard in Resources */,
				4F9B2D491FB1C1060050FBD2 /* Assets.xcassets in Resources */,
				4F9B2D7C1FB2E1E60050FBD2 /* loan@2x.png in Resources */,
				4F9B2D471FB1C1060050FBD2 /* Main.storyboard in Resources */,
			);
			runOnlyForDeploymentPostprocessing = 0;
		};
/* End PBXResourcesBuildPhase section */

/* Begin PBXSourcesBuildPhase section */
		4F9B2D381FB1C1060050FBD2 /* Sources */ = {
			isa = PBXSourcesBuildPhase;
			buildActionMask = 2147483647;
			files = (
				4F9B2D8A1FB430EA0050FBD2 /* UIDragButton.m in Sources */,
				4F9B2D891FB430EA0050FBD2 /* FloatWindow.m in Sources */,
				4F9B2D441FB1C1060050FBD2 /* ViewController.m in Sources */,
				4F9B2D4F1FB1C1060050FBD2 /* main.m in Sources */,
				4F9B2D411FB1C1060050FBD2 /* AppDelegate.m in Sources */,
			);
			runOnlyForDeploymentPostprocessing = 0;
		};
/* End PBXSourcesBuildPhase section */

/* Begin PBXVariantGroup section */
		4F9B2D451FB1C1060050FBD2 /* Main.storyboard */ = {
			isa = PBXVariantGroup;
			children = (
				4F9B2D461FB1C1060050FBD2 /* Base */,
			);
			name = Main.storyboard;
			sourceTree = "<group>";
		};
		4F9B2D4A1FB1C1060050FBD2 /* LaunchScreen.storyboard */ = {
			isa = PBXVariantGroup;
			children = (
				4F9B2D4B1FB1C1060050FBD2 /* Base */,
			);
			name = LaunchScreen.storyboard;
			sourceTree = "<group>";
		};
/* End PBXVariantGroup section */

/* Begin XCBuildConfiguration section */
		4F9B2D501FB1C1060050FBD2 /* Debug */ = {
			isa = XCBuildConfiguration;
			buildSettings = {
				ALWAYS_SEARCH_USER_PATHS = NO;
				CLANG_ANALYZER_NONNULL = YES;
				CLANG_ANALYZER_NUMBER_OBJECT_CONVERSION = YES_AGGRESSIVE;
				CLANG_CXX_LANGUAGE_STANDARD = "gnu++14";
				CLANG_CXX_LIBRARY = "libc++";
				CLANG_ENABLE_MODULES = YES;
				CLANG_ENABLE_OBJC_ARC = YES;
				CLANG_WARN_BLOCK_CAPTURE_AUTORELEASING = YES;
				CLANG_WARN_BOOL_CONVERSION = YES;
				CLANG_WARN_COMMA = YES;
				CLANG_WARN_CONSTANT_CONVERSION = YES;
				CLANG_WARN_DIRECT_OBJC_ISA_USAGE = YES_ERROR;
				CLANG_WARN_DOCUMENTATION_COMMENTS = YES;
				CLANG_WARN_EMPTY_BODY = YES;
				CLANG_WARN_ENUM_CONVERSION = YES;
				CLANG_WARN_INFINITE_RECURSION = YES;
				CLANG_WARN_INT_CONVERSION = YES;
				CLANG_WARN_NON_LITERAL_NULL_CONVERSION = YES;
				CLANG_WARN_OBJC_LITERAL_CONVERSION = YES;
				CLANG_WARN_OBJC_ROOT_CLASS = YES_ERROR;
				CLANG_WARN_RANGE_LOOP_ANALYSIS = YES;
				CLANG_WARN_STRICT_PROTOTYPES = YES;
				CLANG_WARN_SUSPICIOUS_MOVE = YES;
				CLANG_WARN_UNGUARDED_AVAILABILITY = YES_AGGRESSIVE;
				CLANG_WARN_UNREACHABLE_CODE = YES;
				CLANG_WARN__DUPLICATE_METHOD_MATCH = YES;
				CODE_SIGN_IDENTITY = "iPhone Developer";
				COPY_PHASE_STRIP = NO;
				DEBUG_INFORMATION_FORMAT = dwarf;
				ENABLE_STRICT_OBJC_MSGSEND = YES;
				ENABLE_TESTABILITY = YES;
				GCC_C_LANGUAGE_STANDARD = gnu11;
				GCC_DYNAMIC_NO_PIC = NO;
				GCC_NO_COMMON_BLOCKS = YES;
				GCC_OPTIMIZATION_LEVEL = 0;
				GCC_PREPROCESSOR_DEFINITIONS = (
					"DEBUG=1",
					"$(inherited)",
				);
				GCC_WARN_64_TO_32_BIT_CONVERSION = YES;
				GCC_WARN_ABOUT_RETURN_TYPE = YES_ERROR;
				GCC_WARN_UNDECLARED_SELECTOR = YES;
				GCC_WARN_UNINITIALIZED_AUTOS = YES_AGGRESSIVE;
				GCC_WARN_UNUSED_FUNCTION = YES;
				GCC_WARN_UNUSED_VARIABLE = YES;
				IPHONEOS_DEPLOYMENT_TARGET = 11.1;
				MTL_ENABLE_DEBUG_INFO = YES;
				ONLY_ACTIVE_ARCH = YES;
				SDKROOT = iphoneos;
			};
			name = Debug;
		};
		4F9B2D511FB1C1060050FBD2 /* Release */ = {
			isa = XCBuildConfiguration;
			buildSettings = {
				ALWAYS_SEARCH_USER_PATHS = NO;
				CLANG_ANALYZER_NONNULL = YES;
				CLANG_ANALYZER_NUMBER_OBJECT_CONVERSION = YES_AGGRESSIVE;
				CLANG_CXX_LANGUAGE_STANDARD = "gnu++14";
				CLANG_CXX_LIBRARY = "libc++";
				CLANG_ENABLE_MODULES = YES;
				CLANG_ENABLE_OBJC_ARC = YES;
				CLANG_WARN_BLOCK_CAPTURE_AUTORELEASING = YES;
				CLANG_WARN_BOOL_CONVERSION = YES;
				CLANG_WARN_COMMA = YES;
				CLANG_WARN_CONSTANT_CONVERSION = YES;
				CLANG_WARN_DIRECT_OBJC_ISA_USAGE = YES_ERROR;
				CLANG_WARN_DOCUMENTATION_COMMENTS = YES;
				CLANG_WARN_EMPTY_BODY = YES;
				CLANG_WARN_ENUM_CONVERSION = YES;
				CLANG_WARN_INFINITE_RECURSION = YES;
				CLANG_WARN_INT_CONVERSION = YES;
				CLANG_WARN_NON_LITERAL_NULL_CONVERSION = YES;
				CLANG_WARN_OBJC_LITERAL_CONVERSION = YES;
				CLANG_WARN_OBJC_ROOT_CLASS = YES_ERROR;
				CLANG_WARN_RANGE_LOOP_ANALYSIS = YES;
				CLANG_WARN_STRICT_PROTOTYPES = YES;
				CLANG_WARN_SUSPICIOUS_MOVE = YES;
				CLANG_WARN_UNGUARDED_AVAILABILITY = YES_AGGRESSIVE;
				CLANG_WARN_UNREACHABLE_CODE = YES;
				CLANG_WARN__DUPLICATE_METHOD_MATCH = YES;
				CODE_SIGN_IDENTITY = "iPhone Developer";
				COPY_PHASE_STRIP = NO;
				DEBUG_INFORMATION_FORMAT = "dwarf-with-dsym";
				ENABLE_NS_ASSERTIONS = NO;
				ENABLE_STRICT_OBJC_MSGSEND = YES;
				GCC_C_LANGUAGE_STANDARD = gnu11;
				GCC_NO_COMMON_BLOCKS = YES;
				GCC_WARN_64_TO_32_BIT_CONVERSION = YES;
				GCC_WARN_ABOUT_RETURN_TYPE = YES_ERROR;
				GCC_WARN_UNDECLARED_SELECTOR = YES;
				GCC_WARN_UNINITIALIZED_AUTOS = YES_AGGRESSIVE;
				GCC_WARN_UNUSED_FUNCTION = YES;
				GCC_WARN_UNUSED_VARIABLE = YES;
				IPHONEOS_DEPLOYMENT_TARGET = 11.1;
				MTL_ENABLE_DEBUG_INFO = NO;
				SDKROOT = iphoneos;
				VALIDATE_PRODUCT = YES;
			};
			name = Release;
		};
		4F9B2D531FB1C1060050FBD2 /* Debug */ = {
			isa = XCBuildConfiguration;
			buildSettings = {
				ASSETCATALOG_COMPILER_APPICON_NAME = AppIcon;
				CODE_SIGN_STYLE = Automatic;
				DEVELOPMENT_TEAM = CDSD8K8LK2;
				INFOPLIST_FILE = Bubble/Info.plist;
				LD_RUNPATH_SEARCH_PATHS = "$(inherited) @executable_path/Frameworks";
				PRODUCT_BUNDLE_IDENTIFIER = com.jasion.Bubble;
				PRODUCT_NAME = "$(TARGET_NAME)";
				TARGETED_DEVICE_FAMILY = "1,2";
			};
			name = Debug;
		};
		4F9B2D541FB1C1060050FBD2 /* Release */ = {
			isa = XCBuildConfiguration;
			buildSettings = {
				ASSETCATALOG_COMPILER_APPICON_NAME = AppIcon;
				CODE_SIGN_STYLE = Automatic;
				DEVELOPMENT_TEAM = CDSD8K8LK2;
				INFOPLIST_FILE = Bubble/Info.plist;
				LD_RUNPATH_SEARCH_PATHS = "$(inherited) @executable_path/Frameworks";
				PRODUCT_BUNDLE_IDENTIFIER = com.jasion.Bubble;
				PRODUCT_NAME = "$(TARGET_NAME)";
				TARGETED_DEVICE_FAMILY = "1,2";
			};
			name = Release;
		};
/* End XCBuildConfiguration section */

/* Begin XCConfigurationList section */
		4F9B2D371FB1C1060050FBD2 /* Build configuration list for PBXProject "Bubble" */ = {
			isa = XCConfigurationList;
			buildConfigurations = (
				4F9B2D501FB1C1060050FBD2 /* Debug */,
				4F9B2D511FB1C1060050FBD2 /* Release */,
			);
			defaultConfigurationIsVisible = 0;
			defaultConfigurationName = Release;
		};
		4F9B2D521FB1C1060050FBD2 /* Build configuration list for PBXNativeTarget "Bubble" */ = {
			isa = XCConfigurationList;
			buildConfigurations = (
				4F9B2D531FB1C1060050FBD2 /* Debug */,
				4F9B2D541FB1C1060050FBD2 /* Release */,
			);
			defaultConfigurationIsVisible = 0;
			defaultConfigurationName = Release;
		};
/* End XCConfigurationList section */
	};
	rootObject = 4F9B2D341FB1C1060050FBD2 /* Project object */;
}
